
Microsoft Visual Studio Solution File, Format Version 12.00
# Visual Studio Version 17
VisualStudioVersion = 17.0.31903.59
MinimumVisualStudioVersion = 10.0.40219.1
Project("{FAE04EC0-301F-11D3-BF4B-00C04F79EFBC}") = "BunnySVN", "BunnySVN\BunnySVN.csproj", "{A0C9A9E3-FFA4-468E-A4F6-2CD5720CB68D}"
EndProject
Global
	GlobalSection(SolutionConfigurationPlatforms) = preSolution
		Debug|Any CPU = Debug|Any CPU
		Release|Any CPU = Release|Any CPU
	EndGlobalSection
	GlobalSection(ProjectConfigurationPlatforms) = postSolution
		{A0C9A9E3-FFA4-468E-A4F6-2CD5720CB68D}.Debug|Any CPU.ActiveCfg = Debug|Any CPU
		{A0C9A9E3-FFA4-468E-A4F6-2CD5720CB68D}.Debug|Any CPU.Build.0 = Debug|Any CPU
		{A0C9A9E3-FFA4-468E-A4F6-2CD5720CB68D}.Release|Any CPU.ActiveCfg = Release|Any CPU
		{A0C9A9E3-FFA4-468E-A4F6-2CD5720CB68D}.Release|Any CPU.Build.0 = Release|Any CPU
	EndGlobalSection
	GlobalSection(SolutionProperties) = preSolution
		HideSolutionNode = FALSE
	EndGlobalSection
	GlobalSection(ExtensibilityGlobals) = postSolution
		SolutionGuid = {38DFC90E-3457-4D25-A404-3F6CE4A9FBF3}
	EndGlobalSection
EndGlobal
